// !$*UTF8*$!
{
	archiveVersion = 1;
	classes = {
	};
	objectVersion = 46;
	objects = {

/* Begin PBXBuildFile section */
		181B31401E7585CD006ACFF8 /* NSObject+EYRuntime.m in Sources */ = {isa = PBXBuildFile; fileRef = 181B313F1E7585CD006ACFF8 /* NSObject+EYRuntime.m */; };
		181B31431E76D3DA006ACFF8 /* NSString+EYAddition.m in Sources */ = {isa = PBXBuildFile; fileRef = 181B31421E76D3DA006ACFF8 /* NSString+EYAddition.m */; };
		60F94C311E6D22BD0074AD8F /* main.m in Sources */ = {isa = PBXBuildFile; fileRef = 60F94C301E6D22BD0074AD8F /* main.m */; };
		60F94C341E6D22BD0074AD8F /* AppDelegate.m in Sources */ = {isa = PBXBuildFile; fileRef = 60F94C331E6D22BD0074AD8F /* AppDelegate.m */; };
		60F94C371E6D22BD0074AD8F /* ViewController.m in Sources */ = {isa = PBXBuildFile; fileRef = 60F94C361E6D22BD0074AD8F /* ViewController.m */; };
		60F94C3A1E6D22BD0074AD8F /* Main.storyboard in Resources */ = {isa = PBXBuildFile; fileRef = 60F94C381E6D22BD0074AD8F /* Main.storyboard */; };
		60F94C3C1E6D22BD0074AD8F /* Assets.xcassets in Resources */ = {isa = PBXBuildFile; fileRef = 60F94C3B1E6D22BD0074AD8F /* Assets.xcassets */; };
		60F94C3F1E6D22BD0074AD8F /* LaunchScreen.storyboard in Resources */ = {isa = PBXBuildFile; fileRef = 60F94C3D1E6D22BD0074AD8F /* LaunchScreen.storyboard */; };
		60F94C4A1E6D24680074AD8F /* NSArray+Log.m in Sources */ = {isa = PBXBuildFile; fileRef = 60F94C491E6D24680074AD8F /* NSArray+Log.m */; };
		60F94C4D1E6D259E0074AD8F /* UILabel+EYAddition.m in Sources */ = {isa = PBXBuildFile; fileRef = 60F94C4C1E6D259E0074AD8F /* UILabel+EYAddition.m */; };
/* End PBXBuildFile section */

/* Begin PBXFileReference section */
		181B313E1E7585CD006ACFF8 /* NSObject+EYRuntime.h */ = {isa = PBXFileReference; fileEncoding = 4; lastKnownFileType = sourcecode.c.h; path = "NSObject+EYRuntime.h"; sourceTree = "<group>"; };
		181B313F1E7585CD006ACFF8 /* NSObject+EYRuntime.m */ = {isa = PBXFileReference; fileEncoding = 4; lastKnownFileType = sourcecode.c.objc; path = "NSObject+EYRuntime.m"; sourceTree = "<group>"; };
		181B31411E76D3DA006ACFF8 /* NSString+EYAddition.h */ = {isa = PBXFileReference; fileEncoding = 4; lastKnownFileType = sourcecode.c.h; path = "NSString+EYAddition.h"; sourceTree = "<group>"; };
		181B31421E76D3DA006ACFF8 /* NSString+EYAddition.m */ = {isa = PBXFileReference; fileEncoding = 4; lastKnownFileType = sourcecode.c.objc; path = "NSString+EYAddition.m"; sourceTree = "<group>"; };
		60F94C2C1E6D22BD0074AD8F /* CategoryDemo.app */ = {isa = PBXFileReference; explicitFileType = wrapper.application; includeInIndex = 0; path = CategoryDemo.app; sourceTree = BUILT_PRODUCTS_DIR; };
		60F94C301E6D22BD0074AD8F /* main.m */ = {isa = PBXFileReference; lastKnownFileType = sourcecode.c.objc; path = main.m; sourceTree = "<group>"; };
		60F94C321E6D22BD0074AD8F /* AppDelegate.h */ = {isa = PBXFileReference; lastKnownFileType = sourcecode.c.h; path = AppDelegate.h; sourceTree = "<group>"; };
		60F94C331E6D22BD0074AD8F /* AppDelegate.m */ = {isa = PBXFileReference; lastKnownFileType = sourcecode.c.objc; path = AppDelegate.m; sourceTree = "<group>"; };
		60F94C351E6D22BD0074AD8F /* ViewController.h */ = {isa = PBXFileReference; lastKnownFileType = sourcecode.c.h; path = ViewController.h; sourceTree = "<group>"; };
		60F94C361E6D22BD0074AD8F /* ViewController.m */ = {isa = PBXFileReference; lastKnownFileType = sourcecode.c.objc; path = ViewController.m; sourceTree = "<group>"; };
		60F94C391E6D22BD0074AD8F /* Base */ = {isa = PBXFileReference; lastKnownFileType = file.storyboard; name = Base; path = Base.lproj/Main.storyboard; sourceTree = "<group>"; };
		60F94C3B1E6D22BD0074AD8F /* Assets.xcassets */ = {isa = PBXFileReference; lastKnownFileType = folder.assetcatalog; path = Assets.xcassets; sourceTree = "<group>"; };
		60F94C3E1E6D22BD0074AD8F /* Base */ = {isa = PBXFileReference; lastKnownFileType = file.storyboard; name = Base; path = Base.lproj/LaunchScreen.storyboard; sourceTree = "<group>"; };
		60F94C401E6D22BD0074AD8F /* Info.plist */ = {isa = PBXFileReference; lastKnownFileType = text.plist.xml; path = Info.plist; sourceTree = "<group>"; };
		60F94C471E6D240E0074AD8F /* EYCategory.h */ = {isa = PBXFileReference; lastKnownFileType = sourcecode.c.h; path = EYCategory.h; sourceTree = "<group>"; };
		60F94C481E6D24680074AD8F /* NSArray+Log.h */ = {isa = PBXFileReference; fileEncoding = 4; lastKnownFileType = sourcecode.c.h; path = "NSArray+Log.h"; sourceTree = "<group>"; };
		60F94C491E6D24680074AD8F /* NSArray+Log.m */ = {isa = PBXFileReference; fileEncoding = 4; lastKnownFileType = sourcecode.c.objc; path = "NSArray+Log.m"; sourceTree = "<group>"; };
		60F94C4B1E6D259E0074AD8F /* UILabel+EYAddition.h */ = {isa = PBXFileReference; fileEncoding = 4; lastKnownFileType = sourcecode.c.h; path = "UILabel+EYAddition.h"; sourceTree = "<group>"; };
		60F94C4C1E6D259E0074AD8F /* UILabel+EYAddition.m */ = {isa = PBXFileReference; fileEncoding = 4; lastKnownFileType = sourcecode.c.objc; path = "UILabel+EYAddition.m"; sourceTree = "<group>"; };
/* End PBXFileReference section */

/* Begin PBXFrameworksBuildPhase section */
		60F94C291E6D22BD0074AD8F /* Frameworks */ = {
			isa = PBXFrameworksBuildPhase;
			buildActionMask = 2147483647;
			files = (
			);
			runOnlyForDeploymentPostprocessing = 0;
		};
/* End PBXFrameworksBuildPhase section */

/* Begin PBXGroup section */
		60F94C231E6D22BC0074AD8F = {
			isa = PBXGroup;
			children = (
				60F94C2E1E6D22BD0074AD8F /* CategoryDemo */,
				60F94C2D1E6D22BD0074AD8F /* Products */,
			);
			sourceTree = "<group>";
		};
		60F94C2D1E6D22BD0074AD8F /* Products */ = {
			isa = PBXGroup;
			children = (
				60F94C2C1E6D22BD0074AD8F /* CategoryDemo.app */,
			);
			name = Products;
			sourceTree = "<group>";
		};
		60F94C2E1E6D22BD0074AD8F /* CategoryDemo */ = {
			isa = PBXGroup;
			children = (
				60F94C461E6D235C0074AD8F /* Category */,
				60F94C321E6D22BD0074AD8F /* AppDelegate.h */,
				60F94C331E6D22BD0074AD8F /* AppDelegate.m */,
				60F94C351E6D22BD0074AD8F /* ViewController.h */,
				60F94C361E6D22BD0074AD8F /* ViewController.m */,
				60F94C381E6D22BD0074AD8F /* Main.storyboard */,
				60F94C3B1E6D22BD0074AD8F /* Assets.xcassets */,
				60F94C3D1E6D22BD0074AD8F /* LaunchScreen.storyboard */,
				60F94C401E6D22BD0074AD8F /* Info.plist */,
				60F94C2F1E6D22BD0074AD8F /* Supporting Files */,
			);
			path = CategoryDemo;
			sourceTree = "<group>";
		};
		60F94C2F1E6D22BD0074AD8F /* Supporting Files */ = {
			isa = PBXGroup;
			children = (
				60F94C301E6D22BD0074AD8F /* main.m */,
			);
			name = "Supporting Files";
			sourceTree = "<group>";
		};
		60F94C461E6D235C0074AD8F /* Category */ = {
			isa = PBXGroup;
			children = (
				60F94C471E6D240E0074AD8F /* EYCategory.h */,
				60F94C481E6D24680074AD8F /* NSArray+Log.h */,
				60F94C491E6D24680074AD8F /* NSArray+Log.m */,
				60F94C4B1E6D259E0074AD8F /* UILabel+EYAddition.h */,
				60F94C4C1E6D259E0074AD8F /* UILabel+EYAddition.m */,
				181B313E1E7585CD006ACFF8 /* NSObject+EYRuntime.h */,
				181B313F1E7585CD006ACFF8 /* NSObject+EYRuntime.m */,
				181B31411E76D3DA006ACFF8 /* NSString+EYAddition.h */,
				181B31421E76D3DA006ACFF8 /* NSString+EYAddition.m */,
			);
			path = Category;
			sourceTree = "<group>";
		};
/* End PBXGroup section */

/* Begin PBXNativeTarget section */
		60F94C2B1E6D22BD0074AD8F /* CategoryDemo */ = {
			isa = PBXNativeTarget;
			buildConfigurationList = 60F94C431E6D22BD0074AD8F /* Build configuration list for PBXNativeTarget "CategoryDemo" */;
			buildPhases = (
				60F94C281E6D22BD0074AD8F /* Sources */,
				60F94C291E6D22BD0074AD8F /* Frameworks */,
				60F94C2A1E6D22BD0074AD8F /* Resources */,
			);
			buildRules = (
			);
			dependencies = (
			);
			name = CategoryDemo;
			productName = CategoryDemo;
			productReference = 60F94C2C1E6D22BD0074AD8F /* CategoryDemo.app */;
			productType = "com.apple.product-type.application";
		};
/* End PBXNativeTarget section */

/* Begin PBXProject section */
		60F94C241E6D22BC0074AD8F /* Project object */ = {
			isa = PBXProject;
			attributes = {
				CLASSPREFIX = EY;
				LastUpgradeCheck = 0820;
				ORGANIZATIONNAME = lieryang;
				TargetAttributes = {
					60F94C2B1E6D22BD0074AD8F = {
						CreatedOnToolsVersion = 8.2.1;
						DevelopmentTeam = PYJ3M9TJFN;
						ProvisioningStyle = Automatic;
					};
				};
			};
			buildConfigurationList = 60F94C271E6D22BC0074AD8F /* Build configuration list for PBXProject "CategoryDemo" */;
			compatibilityVersion = "Xcode 3.2";
			developmentRegion = English;
			hasScannedForEncodings = 0;
			knownRegions = (
				en,
				Base,
			);
			mainGroup = 60F94C231E6D22BC0074AD8F;
			productRefGroup = 60F94C2D1E6D22BD0074AD8F /* Products */;
			projectDirPath = "";
			projectRoot = "";
			targets = (
				60F94C2B1E6D22BD0074AD8F /* CategoryDemo */,
			);
		};
/* End PBXProject section */

/* Begin PBXResourcesBuildPhase section */
		60F94C2A1E6D22BD0074AD8F /* Resources */ = {
			isa = PBXResourcesBuildPhase;
			buildActionMask = 2147483647;
			files = (
				60F94C3F1E6D22BD0074AD8F /* LaunchScreen.storyboard in Resources */,
				60F94C3C1E6D22BD0074AD8F /* Assets.xcassets in Resources */,
				60F94C3A1E6D22BD0074AD8F /* Main.storyboard in Resources */,
			);
			runOnlyForDeploymentPostprocessing = 0;
		};
/* End PBXResourcesBuildPhase section */

/* Begin PBXSourcesBuildPhase section */
		60F94C281E6D22BD0074AD8F /* Sources */ = {
			isa = PBXSourcesBuildPhase;
			buildActionMask = 2147483647;
			files = (
				181B31431E76D3DA006ACFF8 /* NSString+EYAddition.m in Sources */,
				60F94C371E6D22BD0074AD8F /* ViewController.m in Sources */,
				60F94C4A1E6D24680074AD8F /* NSArray+Log.m in Sources */,
				181B31401E7585CD006ACFF8 /* NSObject+EYRuntime.m in Sources */,
				60F94C341E6D22BD0074AD8F /* AppDelegate.m in Sources */,
				60F94C4D1E6D259E0074AD8F /* UILabel+EYAddition.m in Sources */,
				60F94C311E6D22BD0074AD8F /* main.m in Sources */,
			);
			runOnlyForDeploymentPostprocessing = 0;
		};
/* End PBXSourcesBuildPhase section */

/* Begin PBXVariantGroup section */
		60F94C381E6D22BD0074AD8F /* Main.storyboard */ = {
			isa = PBXVariantGroup;
			children = (
				60F94C391E6D22BD0074AD8F /* Base */,
			);
			name = Main.storyboard;
			sourceTree = "<group>";
		};
		60F94C3D1E6D22BD0074AD8F /* LaunchScreen.storyboard */ = {
			isa = PBXVariantGroup;
			children = (
				60F94C3E1E6D22BD0074AD8F /* Base */,
			);
			name = LaunchScreen.storyboard;
			sourceTree = "<group>";
		};
/* End PBXVariantGroup section */

/* Begin XCBuildConfiguration section */
		60F94C411E6D22BD0074AD8F /* Debug */ = {
			isa = XCBuildConfiguration;
			buildSettings = {
				ALWAYS_SEARCH_USER_PATHS = NO;
				CLANG_ANALYZER_NONNULL = YES;
				CLANG_CXX_LANGUAGE_STANDARD = "gnu++0x";
				CLANG_CXX_LIBRARY = "libc++";
				CLANG_ENABLE_MODULES = YES;
				CLANG_ENABLE_OBJC_ARC = YES;
				CLANG_WARN_BOOL_CONVERSION = YES;
				CLANG_WARN_CONSTANT_CONVERSION = YES;
				CLANG_WARN_DIRECT_OBJC_ISA_USAGE = YES_ERROR;
				CLANG_WARN_DOCUMENTATION_COMMENTS = YES;
				CLANG_WARN_EMPTY_BODY = YES;
				CLANG_WARN_ENUM_CONVERSION = YES;
				CLANG_WARN_INFINITE_RECURSION = YES;
				CLANG_WARN_INT_CONVERSION = YES;
				CLANG_WARN_OBJC_ROOT_CLASS = YES_ERROR;
				CLANG_WARN_SUSPICIOUS_MOVE = YES;
				CLANG_WARN_UNREACHABLE_CODE = YES;
				CLANG_WARN__DUPLICATE_METHOD_MATCH = YES;
				"CODE_SIGN_IDENTITY[sdk=iphoneos*]" = "iPhone Developer";
				COPY_PHASE_STRIP = NO;
				DEBUG_INFORMATION_FORMAT = dwarf;
				ENABLE_STRICT_OBJC_MSGSEND = YES;
				ENABLE_TESTABILITY = YES;
				GCC_C_LANGUAGE_STANDARD = gnu99;
				GCC_DYNAMIC_NO_PIC = NO;
				GCC_NO_COMMON_BLOCKS = YES;
				GCC_OPTIMIZATION_LEVEL = 0;
				GCC_PREPROCESSOR_DEFINITIONS = (
					"DEBUG=1",
					"$(inherited)",
				);
				GCC_WARN_64_TO_32_BIT_CONVERSION = YES;
				GCC_WARN_ABOUT_RETURN_TYPE = YES_ERROR;
				GCC_WARN_UNDECLARED_SELECTOR = YES;
				GCC_WARN_UNINITIALIZED_AUTOS = YES_AGGRESSIVE;
				GCC_WARN_UNUSED_FUNCTION = YES;
				GCC_WARN_UNUSED_VARIABLE = YES;
				IPHONEOS_DEPLOYMENT_TARGET = 10.2;
				MTL_ENABLE_DEBUG_INFO = YES;
				ONLY_ACTIVE_ARCH = YES;
				SDKROOT = iphoneos;
				TARGETED_DEVICE_FAMILY = "1,2";
			};
			name = Debug;
		};
		60F94C421E6D22BD0074AD8F /* Release */ = {
			isa = XCBuildConfiguration;
			buildSettings = {
				ALWAYS_SEARCH_USER_PATHS = NO;
				CLANG_ANALYZER_NONNULL = YES;
				CLANG_CXX_LANGUAGE_STANDARD = "gnu++0x";
				CLANG_CXX_LIBRARY = "libc++";
				CLANG_ENABLE_MODULES = YES;
				CLANG_ENABLE_OBJC_ARC = YES;
				CLANG_WARN_BOOL_CONVERSION = YES;
				CLANG_WARN_CONSTANT_CONVERSION = YES;
				CLANG_WARN_DIRECT_OBJC_ISA_USAGE = YES_ERROR;
				CLANG_WARN_DOCUMENTATION_COMMENTS = YES;
				CLANG_WARN_EMPTY_BODY = YES;
				CLANG_WARN_ENUM_CONVERSION = YES;
				CLANG_WARN_INFINITE_RECURSION = YES;
				CLANG_WARN_INT_CONVERSION = YES;
				CLANG_WARN_OBJC_ROOT_CLASS = YES_ERROR;
				CLANG_WARN_SUSPICIOUS_MOVE = YES;
				CLANG_WARN_UNREACHABLE_CODE = YES;
				CLANG_WARN__DUPLICATE_METHOD_MATCH = YES;
				"CODE_SIGN_IDENTITY[sdk=iphoneos*]" = "iPhone Developer";
				COPY_PHASE_STRIP = NO;
				DEBUG_INFORMATION_FORMAT = "dwarf-with-dsym";
				ENABLE_NS_ASSERTIONS = NO;
				ENABLE_STRICT_OBJC_MSGSEND = YES;
				GCC_C_LANGUAGE_STANDARD = gnu99;
				GCC_NO_COMMON_BLOCKS = YES;
				GCC_WARN_64_TO_32_BIT_CONVERSION = YES;
				GCC_WARN_ABOUT_RETURN_TYPE = YES_ERROR;
				GCC_WARN_UNDECLARED_SELECTOR = YES;
				GCC_WARN_UNINITIALIZED_AUTOS = YES_AGGRESSIVE;
				GCC_WARN_UNUSED_FUNCTION = YES;
				GCC_WARN_UNUSED_VARIABLE = YES;
				IPHONEOS_DEPLOYMENT_TARGET = 10.2;
				MTL_ENABLE_DEBUG_INFO = NO;
				SDKROOT = iphoneos;
				TARGETED_DEVICE_FAMILY = "1,2";
				VALIDATE_PRODUCT = YES;
			};
			name = Release;
		};
		60F94C441E6D22BD0074AD8F /* Debug */ = {
			isa = XCBuildConfiguration;
			buildSettings = {
				ASSETCATALOG_COMPILER_APPICON_NAME = AppIcon;
				DEVELOPMENT_TEAM = PYJ3M9TJFN;
				INFOPLIST_FILE = CategoryDemo/Info.plist;
				LD_RUNPATH_SEARCH_PATHS = "$(inherited) @executable_path/Frameworks";
				PRODUCT_BUNDLE_IDENTIFIER = www.CategoryDemo;
				PRODUCT_NAME = "$(TARGET_NAME)";
			};
			name = Debug;
		};
		60F94C451E6D22BD0074AD8F /* Release */ = {
			isa = XCBuildConfiguration;
			buildSettings = {
				ASSETCATALOG_COMPILER_APPICON_NAME = AppIcon;
				DEVELOPMENT_TEAM = PYJ3M9TJFN;
				INFOPLIST_FILE = CategoryDemo/Info.plist;
				LD_RUNPATH_SEARCH_PATHS = "$(inherited) @executable_path/Frameworks";
				PRODUCT_BUNDLE_IDENTIFIER = www.CategoryDemo;
				PRODUCT_NAME = "$(TARGET_NAME)";
			};
			name = Release;
		};
/* End XCBuildConfiguration section */

/* Begin XCConfigurationList section */
		60F94C271E6D22BC0074AD8F /* Build configuration list for PBXProject "CategoryDemo" */ = {
			isa = XCConfigurationList;
			buildConfigurations = (
				60F94C411E6D22BD0074AD8F /* Debug */,
				60F94C421E6D22BD0074AD8F /* Release */,
			);
			defaultConfigurationIsVisible = 0;
			defaultConfigurationName = Release;
		};
		60F94C431E6D22BD0074AD8F /* Build configuration list for PBXNativeTarget "CategoryDemo" */ = {
			isa = XCConfigurationList;
			buildConfigurations = (
				60F94C441E6D22BD0074AD8F /* Debug */,
				60F94C451E6D22BD0074AD8F /* Release */,
			);
			defaultConfigurationIsVisible = 0;
			defaultConfigurationName = Release;
		};
/* End XCConfigurationList section */
	};
	rootObject = 60F94C241E6D22BC0074AD8F /* Project object */;
}
